PODS:
  - Alamofire (5.4.4)
  - UBottomSheet (1.0.9)

DEPENDENCIES:
  - Alamofire
  - UBottomSheet

SPEC REPOS:
  trunk:
    - Alamofire
    - UBottomSheet

SPEC CHECKSUMS:
  Alamofire: f3b09a368f1582ab751b3fff5460276e0d2cf5c9
  UBottomSheet: a1c528d907b60e7ec65e1f0987fe6074b2ad3762

PODFILE CHECKSUM: ce8420c6af24b01c3f99928a2d75665bb96f2c3a

COCOAPODS: 1.11.2
